// !$*UTF8*$!
{
	archiveVersion = 1;
	classes = {
	};
	objectVersion = 46;
	objects = {

/* Begin PBXBuildFile section */
		A01638D21DDC137300A3DC99 /* User.swift in Sources */ = {isa = PBXBuildFile; fileRef = A01638D11DDC137300A3DC99 /* User.swift */; };
		A01638D41DDC13DD00A3DC99 /* Treatment.swift in Sources */ = {isa = PBXBuildFile; fileRef = A01638D31DDC13DD00A3DC99 /* Treatment.swift */; };
		A01638D61DDC142700A3DC99 /* Doctor.swift in Sources */ = {isa = PBXBuildFile; fileRef = A01638D51DDC142700A3DC99 /* Doctor.swift */; };
		A01638D91DDC154F00A3DC99 /* DataService.swift in Sources */ = {isa = PBXBuildFile; fileRef = A01638D81DDC154F00A3DC99 /* DataService.swift */; };
		A01638DF1DDC63BB00A3DC99 /* MyTreatmentsVC.swift in Sources */ = {isa = PBXBuildFile; fileRef = A01638DE1DDC63BB00A3DC99 /* MyTreatmentsVC.swift */; };
		A01AC6761DD93328007BD3C4 /* MenuConstants.swift in Sources */ = {isa = PBXBuildFile; fileRef = A01AC6751DD93328007BD3C4 /* MenuConstants.swift */; };
		A01AC6781DD940B8007BD3C4 /* SympReferenceVC.swift in Sources */ = {isa = PBXBuildFile; fileRef = A01AC6771DD940B8007BD3C4 /* SympReferenceVC.swift */; };
		A01D8C251DDA290000927523 /* MySymptomsVC.swift in Sources */ = {isa = PBXBuildFile; fileRef = A01D8C241DDA290000927523 /* MySymptomsVC.swift */; };
		A01D8C271DDA2AB300927523 /* MySymptomTableViewCell.swift in Sources */ = {isa = PBXBuildFile; fileRef = A01D8C261DDA2AB300927523 /* MySymptomTableViewCell.swift */; };
		A02F67711DE1769D005945E6 /* SettingsVC.swift in Sources */ = {isa = PBXBuildFile; fileRef = A02F67701DE1769D005945E6 /* SettingsVC.swift */; };
		A03A0D4C1DD38DA90065A602 /* AppDelegate.swift in Sources */ = {isa = PBXBuildFile; fileRef = A03A0D4B1DD38DA90065A602 /* AppDelegate.swift */; };
		A03A0D4E1DD38DA90065A602 /* DashboardVC.swift in Sources */ = {isa = PBXBuildFile; fileRef = A03A0D4D1DD38DA90065A602 /* DashboardVC.swift */; };
		A03A0D531DD38DA90065A602 /* Main.storyboard in Resources */ = {isa = PBXBuildFile; fileRef = A03A0D511DD38DA90065A602 /* Main.storyboard */; };
		A03A0D551DD38DA90065A602 /* Assets.xcassets in Resources */ = {isa = PBXBuildFile; fileRef = A03A0D541DD38DA90065A602 /* Assets.xcassets */; };
		A03A0D581DD38DA90065A602 /* LaunchScreen.storyboard in Resources */ = {isa = PBXBuildFile; fileRef = A03A0D561DD38DA90065A602 /* LaunchScreen.storyboard */; };
		A03A0D601DD443D00065A602 /* GoogleService-Info.plist in Resources */ = {isa = PBXBuildFile; fileRef = A03A0D5F1DD443D00065A602 /* GoogleService-Info.plist */; };
		A03A0D621DD4451D0065A602 /* Login.storyboard in Resources */ = {isa = PBXBuildFile; fileRef = A03A0D611DD4451D0065A602 /* Login.storyboard */; };
		A03A0D6A1DD44E2D0065A602 /* LoginVC.swift in Sources */ = {isa = PBXBuildFile; fileRef = A03A0D691DD44E2D0065A602 /* LoginVC.swift */; };
		A03A0D6C1DD44EC70065A602 /* RoundedButton.swift in Sources */ = {isa = PBXBuildFile; fileRef = A03A0D6B1DD44EC70065A602 /* RoundedButton.swift */; };
		A049E1611DDEDA7F0084CFF3 /* PossibleCausesVC.swift in Sources */ = {isa = PBXBuildFile; fileRef = A049E1601DDEDA7F0084CFF3 /* PossibleCausesVC.swift */; };
		A081218F1DD99E51001409AE /* SymptomVC.swift in Sources */ = {isa = PBXBuildFile; fileRef = A081218E1DD99E51001409AE /* SymptomVC.swift */; };
		A084E9571DD9462800E35720 /* SymptomTableViewCell.swift in Sources */ = {isa = PBXBuildFile; fileRef = A084E9561DD9462800E35720 /* SymptomTableViewCell.swift */; };
		A084E9591DD9468400E35720 /* DummyData.swift in Sources */ = {isa = PBXBuildFile; fileRef = A084E9581DD9468400E35720 /* DummyData.swift */; };
		A084E95D1DD94AE300E35720 /* Symptom.swift in Sources */ = {isa = PBXBuildFile; fileRef = A084E95C1DD94AE300E35720 /* Symptom.swift */; };
		A08C2AAA1DD8EB0300547333 /* MenuTableViewCell.swift in Sources */ = {isa = PBXBuildFile; fileRef = A08C2AA91DD8EB0300547333 /* MenuTableViewCell.swift */; };
		A0B4519C1DE0B8F400996787 /* DrugSideEffectsVC.swift in Sources */ = {isa = PBXBuildFile; fileRef = A0B4519B1DE0B8F400996787 /* DrugSideEffectsVC.swift */; };
		A0B451A21DE1291000996787 /* MyOncologistVC.swift in Sources */ = {isa = PBXBuildFile; fileRef = A0B451A11DE1291000996787 /* MyOncologistVC.swift */; };
		A0CEFB3A1DDE52DD0018D022 /* TreatmentVC.swift in Sources */ = {isa = PBXBuildFile; fileRef = A0CEFB391DDE52DD0018D022 /* TreatmentVC.swift */; };
		A0D3F7981DDD671F00B3385C /* TreatmentTableViewCell.swift in Sources */ = {isa = PBXBuildFile; fileRef = A0D3F7971DDD671F00B3385C /* TreatmentTableViewCell.swift */; };
		BA5ADED863C9F7E136A083EB /* Pods_MedAppJam16.framework in Frameworks */ = {isa = PBXBuildFile; fileRef = 651462A20EB2CF9E1E05B688 /* Pods_MedAppJam16.framework */; };
/* End PBXBuildFile section */

/* Begin PBXFileReference section */
		651462A20EB2CF9E1E05B688 /* Pods_MedAppJam16.framework */ = {isa = PBXFileReference; explicitFileType = wrapper.framework; includeInIndex = 0; path = Pods_MedAppJam16.framework; sourceTree = BUILT_PRODUCTS_DIR; };
		96A48475544AAF897C2114C1 /* Pods-MedAppJam16.debug.xcconfig */ = {isa = PBXFileReference; includeInIndex = 1; lastKnownFileType = text.xcconfig; name = "Pods-MedAppJam16.debug.xcconfig"; path = "Pods/Target Support Files/Pods-MedAppJam16/Pods-MedAppJam16.debug.xcconfig"; sourceTree = "<group>"; };
		98222B837AE97A0F7C16DBDE /* Pods-MedAppJam16.release.xcconfig */ = {isa = PBXFileReference; includeInIndex = 1; lastKnownFileType = text.xcconfig; name = "Pods-MedAppJam16.release.xcconfig"; path = "Pods/Target Support Files/Pods-MedAppJam16/Pods-MedAppJam16.release.xcconfig"; sourceTree = "<group>"; };
		A01638D11DDC137300A3DC99 /* User.swift */ = {isa = PBXFileReference; fileEncoding = 4; lastKnownFileType = sourcecode.swift; path = User.swift; sourceTree = "<group>"; };
		A01638D31DDC13DD00A3DC99 /* Treatment.swift */ = {isa = PBXFileReference; fileEncoding = 4; lastKnownFileType = sourcecode.swift; path = Treatment.swift; sourceTree = "<group>"; };
		A01638D51DDC142700A3DC99 /* Doctor.swift */ = {isa = PBXFileReference; fileEncoding = 4; lastKnownFileType = sourcecode.swift; path = Doctor.swift; sourceTree = "<group>"; };
		A01638D81DDC154F00A3DC99 /* DataService.swift */ = {isa = PBXFileReference; fileEncoding = 4; lastKnownFileType = sourcecode.swift; path = DataService.swift; sourceTree = "<group>"; };
		A01638DE1DDC63BB00A3DC99 /* MyTreatmentsVC.swift */ = {isa = PBXFileReference; fileEncoding = 4; lastKnownFileType = sourcecode.swift; path = MyTreatmentsVC.swift; sourceTree = "<group>"; };
		A01AC6751DD93328007BD3C4 /* MenuConstants.swift */ = {isa = PBXFileReference; fileEncoding = 4; lastKnownFileType = sourcecode.swift; path = MenuConstants.swift; sourceTree = "<group>"; };
		A01AC6771DD940B8007BD3C4 /* SympReferenceVC.swift */ = {isa = PBXFileReference; fileEncoding = 4; lastKnownFileType = sourcecode.swift; path = SympReferenceVC.swift; sourceTree = "<group>"; };
		A01D8C241DDA290000927523 /* MySymptomsVC.swift */ = {isa = PBXFileReference; fileEncoding = 4; lastKnownFileType = sourcecode.swift; path = MySymptomsVC.swift; sourceTree = "<group>"; };
		A01D8C261DDA2AB300927523 /* MySymptomTableViewCell.swift */ = {isa = PBXFileReference; fileEncoding = 4; lastKnownFileType = sourcecode.swift; path = MySymptomTableViewCell.swift; sourceTree = "<group>"; };
		A02F67701DE1769D005945E6 /* SettingsVC.swift */ = {isa = PBXFileReference; fileEncoding = 4; lastKnownFileType = sourcecode.swift; path = SettingsVC.swift; sourceTree = "<group>"; };
		A03A0D481DD38DA90065A602 /* MedAppJam16.app */ = {isa = PBXFileReference; explicitFileType = wrapper.application; includeInIndex = 0; path = MedAppJam16.app; sourceTree = BUILT_PRODUCTS_DIR; };
		A03A0D4B1DD38DA90065A602 /* AppDelegate.swift */ = {isa = PBXFileReference; lastKnownFileType = sourcecode.swift; path = AppDelegate.swift; sourceTree = "<group>"; };
		A03A0D4D1DD38DA90065A602 /* DashboardVC.swift */ = {isa = PBXFileReference; lastKnownFileType = sourcecode.swift; path = DashboardVC.swift; sourceTree = "<group>"; };
		A03A0D521DD38DA90065A602 /* Base */ = {isa = PBXFileReference; lastKnownFileType = file.storyboard; name = Base; path = Base.lproj/Main.storyboard; sourceTree = "<group>"; };
		A03A0D541DD38DA90065A602 /* Assets.xcassets */ = {isa = PBXFileReference; lastKnownFileType = folder.assetcatalog; path = Assets.xcassets; sourceTree = "<group>"; };
		A03A0D571DD38DA90065A602 /* Base */ = {isa = PBXFileReference; lastKnownFileType = file.storyboard; name = Base; path = Base.lproj/LaunchScreen.storyboard; sourceTree = "<group>"; };
		A03A0D591DD38DA90065A602 /* Info.plist */ = {isa = PBXFileReference; lastKnownFileType = text.plist.xml; path = Info.plist; sourceTree = "<group>"; };
		A03A0D5F1DD443D00065A602 /* GoogleService-Info.plist */ = {isa = PBXFileReference; fileEncoding = 4; lastKnownFileType = text.plist.xml; path = "GoogleService-Info.plist"; sourceTree = "<group>"; };
		A03A0D611DD4451D0065A602 /* Login.storyboard */ = {isa = PBXFileReference; fileEncoding = 4; lastKnownFileType = file.storyboard; path = Login.storyboard; sourceTree = "<group>"; };
		A03A0D691DD44E2D0065A602 /* LoginVC.swift */ = {isa = PBXFileReference; fileEncoding = 4; lastKnownFileType = sourcecode.swift; path = LoginVC.swift; sourceTree = "<group>"; };
		A03A0D6B1DD44EC70065A602 /* RoundedButton.swift */ = {isa = PBXFileReference; fileEncoding = 4; lastKnownFileType = sourcecode.swift; path = RoundedButton.swift; sourceTree = "<group>"; };
		A049E1601DDEDA7F0084CFF3 /* PossibleCausesVC.swift */ = {isa = PBXFileReference; fileEncoding = 4; lastKnownFileType = sourcecode.swift; path = PossibleCausesVC.swift; sourceTree = "<group>"; };
		A081218E1DD99E51001409AE /* SymptomVC.swift */ = {isa = PBXFileReference; fileEncoding = 4; lastKnownFileType = sourcecode.swift; path = SymptomVC.swift; sourceTree = "<group>"; };
		A084E9561DD9462800E35720 /* SymptomTableViewCell.swift */ = {isa = PBXFileReference; fileEncoding = 4; lastKnownFileType = sourcecode.swift; path = SymptomTableViewCell.swift; sourceTree = "<group>"; };
		A084E9581DD9468400E35720 /* DummyData.swift */ = {isa = PBXFileReference; fileEncoding = 4; lastKnownFileType = sourcecode.swift; path = DummyData.swift; sourceTree = "<group>"; };
		A084E95C1DD94AE300E35720 /* Symptom.swift */ = {isa = PBXFileReference; fileEncoding = 4; lastKnownFileType = sourcecode.swift; path = Symptom.swift; sourceTree = "<group>"; };
		A08C2AA91DD8EB0300547333 /* MenuTableViewCell.swift */ = {isa = PBXFileReference; fileEncoding = 4; lastKnownFileType = sourcecode.swift; path = MenuTableViewCell.swift; sourceTree = "<group>"; };
		A0B4519B1DE0B8F400996787 /* DrugSideEffectsVC.swift */ = {isa = PBXFileReference; fileEncoding = 4; lastKnownFileType = sourcecode.swift; path = DrugSideEffectsVC.swift; sourceTree = "<group>"; };
		A0B451A11DE1291000996787 /* MyOncologistVC.swift */ = {isa = PBXFileReference; fileEncoding = 4; lastKnownFileType = sourcecode.swift; path = MyOncologistVC.swift; sourceTree = "<group>"; };
		A0CEFB391DDE52DD0018D022 /* TreatmentVC.swift */ = {isa = PBXFileReference; fileEncoding = 4; lastKnownFileType = sourcecode.swift; path = TreatmentVC.swift; sourceTree = "<group>"; };
		A0D3F7971DDD671F00B3385C /* TreatmentTableViewCell.swift */ = {isa = PBXFileReference; fileEncoding = 4; lastKnownFileType = sourcecode.swift; path = TreatmentTableViewCell.swift; sourceTree = "<group>"; };
/* End PBXFileReference section */

/* Begin PBXFrameworksBuildPhase section */
		A03A0D451DD38DA90065A602 /* Frameworks */ = {
			isa = PBXFrameworksBuildPhase;
			buildActionMask = 2147483647;
			files = (
				BA5ADED863C9F7E136A083EB /* Pods_MedAppJam16.framework in Frameworks */,
			);
			runOnlyForDeploymentPostprocessing = 0;
		};
/* End PBXFrameworksBuildPhase section */

/* Begin PBXGroup section */
		8A0E3B16623314CA74223412 /* Frameworks */ = {
			isa = PBXGroup;
			children = (
				651462A20EB2CF9E1E05B688 /* Pods_MedAppJam16.framework */,
			);
			name = Frameworks;
			sourceTree = "<group>";
		};
		9139521BC9A31B3C6072398D /* Pods */ = {
			isa = PBXGroup;
			children = (
				96A48475544AAF897C2114C1 /* Pods-MedAppJam16.debug.xcconfig */,
				98222B837AE97A0F7C16DBDE /* Pods-MedAppJam16.release.xcconfig */,
			);
			name = Pods;
			sourceTree = "<group>";
		};
		A01638D71DDC153A00A3DC99 /* Services */ = {
			isa = PBXGroup;
			children = (
				A01638D81DDC154F00A3DC99 /* DataService.swift */,
			);
			name = Services;
			sourceTree = "<group>";
		};
		A01AC6741DD9331B007BD3C4 /* Util */ = {
			isa = PBXGroup;
			children = (
				A01AC6751DD93328007BD3C4 /* MenuConstants.swift */,
				A084E9581DD9468400E35720 /* DummyData.swift */,
			);
			name = Util;
			sourceTree = "<group>";
		};
		A03A0D3F1DD38DA90065A602 = {
			isa = PBXGroup;
			children = (
				A03A0D4A1DD38DA90065A602 /* MedAppJam16 */,
				A03A0D491DD38DA90065A602 /* Products */,
				9139521BC9A31B3C6072398D /* Pods */,
				8A0E3B16623314CA74223412 /* Frameworks */,
			);
			sourceTree = "<group>";
		};
		A03A0D491DD38DA90065A602 /* Products */ = {
			isa = PBXGroup;
			children = (
				A03A0D481DD38DA90065A602 /* MedAppJam16.app */,
			);
			name = Products;
			sourceTree = "<group>";
		};
		A03A0D4A1DD38DA90065A602 /* MedAppJam16 */ = {
			isa = PBXGroup;
			children = (
				A01638D71DDC153A00A3DC99 /* Services */,
				A01AC6741DD9331B007BD3C4 /* Util */,
				A03A0D651DD44CCB0065A602 /* Model */,
				A03A0D661DD44CD00065A602 /* View */,
				A03A0D671DD44CD70065A602 /* Controller */,
				A03A0D681DD44CE20065A602 /* Storyboard */,
				A03A0D4B1DD38DA90065A602 /* AppDelegate.swift */,
				A03A0D541DD38DA90065A602 /* Assets.xcassets */,
				A03A0D591DD38DA90065A602 /* Info.plist */,
				A03A0D5F1DD443D00065A602 /* GoogleService-Info.plist */,
			);
			path = MedAppJam16;
			sourceTree = "<group>";
		};
		A03A0D651DD44CCB0065A602 /* Model */ = {
			isa = PBXGroup;
			children = (
				A01638D11DDC137300A3DC99 /* User.swift */,
				A01638D51DDC142700A3DC99 /* Doctor.swift */,
				A084E95C1DD94AE300E35720 /* Symptom.swift */,
				A01638D31DDC13DD00A3DC99 /* Treatment.swift */,
			);
			name = Model;
			sourceTree = "<group>";
		};
		A03A0D661DD44CD00065A602 /* View */ = {
			isa = PBXGroup;
			children = (
				A03A0D6B1DD44EC70065A602 /* RoundedButton.swift */,
				A08C2AA91DD8EB0300547333 /* MenuTableViewCell.swift */,
				A084E9561DD9462800E35720 /* SymptomTableViewCell.swift */,
				A01D8C261DDA2AB300927523 /* MySymptomTableViewCell.swift */,
				A0D3F7971DDD671F00B3385C /* TreatmentTableViewCell.swift */,
			);
			name = View;
			sourceTree = "<group>";
		};
		A03A0D671DD44CD70065A602 /* Controller */ = {
			isa = PBXGroup;
			children = (
				A03A0D691DD44E2D0065A602 /* LoginVC.swift */,
				A03A0D4D1DD38DA90065A602 /* DashboardVC.swift */,
				A0B558821DDEC89C00FBB04F /* Menu Pages */,
				A0B4519A1DE0B8D400996787 /* Other Pages */,
				A0B558831DDEC8AB00FBB04F /* Item Pages */,
			);
			name = Controller;
			sourceTree = "<group>";
		};
		A03A0D681DD44CE20065A602 /* Storyboard */ = {
			isa = PBXGroup;
			children = (
				A03A0D561DD38DA90065A602 /* LaunchScreen.storyboard */,
				A03A0D611DD4451D0065A602 /* Login.storyboard */,
				A03A0D511DD38DA90065A602 /* Main.storyboard */,
			);
			name = Storyboard;
			sourceTree = "<group>";
		};
		A0B4519A1DE0B8D400996787 /* Other Pages */ = {
			isa = PBXGroup;
			children = (
				A0B4519B1DE0B8F400996787 /* DrugSideEffectsVC.swift */,
			);
			name = "Other Pages";
			sourceTree = "<group>";
		};
		A0B558821DDEC89C00FBB04F /* Menu Pages */ = {
			isa = PBXGroup;
			children = (
				A01D8C241DDA290000927523 /* MySymptomsVC.swift */,
				A01AC6771DD940B8007BD3C4 /* SympReferenceVC.swift */,
				A01638DE1DDC63BB00A3DC99 /* MyTreatmentsVC.swift */,
				A0B451A11DE1291000996787 /* MyOncologistVC.swift */,
				A02F67701DE1769D005945E6 /* SettingsVC.swift */,
			);
			name = "Menu Pages";
			sourceTree = "<group>";
		};
		A0B558831DDEC8AB00FBB04F /* Item Pages */ = {
			isa = PBXGroup;
			children = (
				A081218E1DD99E51001409AE /* SymptomVC.swift */,
				A0CEFB391DDE52DD0018D022 /* TreatmentVC.swift */,
				A049E1601DDEDA7F0084CFF3 /* PossibleCausesVC.swift */,
			);
			name = "Item Pages";
			sourceTree = "<group>";
		};
/* End PBXGroup section */

/* Begin PBXNativeTarget section */
		A03A0D471DD38DA90065A602 /* MedAppJam16 */ = {
			isa = PBXNativeTarget;
			buildConfigurationList = A03A0D5C1DD38DA90065A602 /* Build configuration list for PBXNativeTarget "MedAppJam16" */;
			buildPhases = (
				A36C20A0B836FA1282677908 /* [CP] Check Pods Manifest.lock */,
				A03A0D441DD38DA90065A602 /* Sources */,
				A03A0D451DD38DA90065A602 /* Frameworks */,
				A03A0D461DD38DA90065A602 /* Resources */,
				48074FDF896284F8AFA2FA83 /* [CP] Embed Pods Frameworks */,
				AB8CC4F430E86B67905D5C77 /* [CP] Copy Pods Resources */,
			);
			buildRules = (
			);
			dependencies = (
			);
			name = MedAppJam16;
			productName = MedAppJam16;
			productReference = A03A0D481DD38DA90065A602 /* MedAppJam16.app */;
			productType = "com.apple.product-type.application";
		};
/* End PBXNativeTarget section */

/* Begin PBXProject section */
		A03A0D401DD38DA90065A602 /* Project object */ = {
			isa = PBXProject;
			attributes = {
				LastSwiftUpdateCheck = 0810;
				LastUpgradeCheck = 0810;
				ORGANIZATIONNAME = "Adrian Padua";
				TargetAttributes = {
					A03A0D471DD38DA90065A602 = {
						CreatedOnToolsVersion = 8.1;
						DevelopmentTeam = HFV6PE6T73;
						ProvisioningStyle = Automatic;
					};
				};
			};
			buildConfigurationList = A03A0D431DD38DA90065A602 /* Build configuration list for PBXProject "MedAppJam16" */;
			compatibilityVersion = "Xcode 3.2";
			developmentRegion = English;
			hasScannedForEncodings = 0;
			knownRegions = (
				en,
				Base,
			);
			mainGroup = A03A0D3F1DD38DA90065A602;
			productRefGroup = A03A0D491DD38DA90065A602 /* Products */;
			projectDirPath = "";
			projectRoot = "";
			targets = (
				A03A0D471DD38DA90065A602 /* MedAppJam16 */,
			);
		};
/* End PBXProject section */

/* Begin PBXResourcesBuildPhase section */
		A03A0D461DD38DA90065A602 /* Resources */ = {
			isa = PBXResourcesBuildPhase;
			buildActionMask = 2147483647;
			files = (
				A03A0D581DD38DA90065A602 /* LaunchScreen.storyboard in Resources */,
				A03A0D601DD443D00065A602 /* GoogleService-Info.plist in Resources */,
				A03A0D551DD38DA90065A602 /* Assets.xcassets in Resources */,
				A03A0D621DD4451D0065A602 /* Login.storyboard in Resources */,
				A03A0D531DD38DA90065A602 /* Main.storyboard in Resources */,
			);
			runOnlyForDeploymentPostprocessing = 0;
		};
/* End PBXResourcesBuildPhase section */

/* Begin PBXShellScriptBuildPhase section */
		48074FDF896284F8AFA2FA83 /* [CP] Embed Pods Frameworks */ = {
			isa = PBXShellScriptBuildPhase;
			buildActionMask = 2147483647;
			files = (
			);
			inputPaths = (
			);
			name = "[CP] Embed Pods Frameworks";
			outputPaths = (
			);
			runOnlyForDeploymentPostprocessing = 0;
			shellPath = /bin/sh;
			shellScript = "\"${SRCROOT}/Pods/Target Support Files/Pods-MedAppJam16/Pods-MedAppJam16-frameworks.sh\"\n";
			showEnvVarsInLog = 0;
		};
		A36C20A0B836FA1282677908 /* [CP] Check Pods Manifest.lock */ = {
			isa = PBXShellScriptBuildPhase;
			buildActionMask = 2147483647;
			files = (
			);
			inputPaths = (
			);
			name = "[CP] Check Pods Manifest.lock";
			outputPaths = (
			);
			runOnlyForDeploymentPostprocessing = 0;
			shellPath = /bin/sh;
			shellScript = "diff \"${PODS_ROOT}/../Podfile.lock\" \"${PODS_ROOT}/Manifest.lock\" > /dev/null\nif [ $? != 0 ] ; then\n    # print error to STDERR\n    echo \"error: The sandbox is not in sync with the Podfile.lock. Run 'pod install' or update your CocoaPods installation.\" >&2\n    exit 1\nfi\n";
			showEnvVarsInLog = 0;
		};
		AB8CC4F430E86B67905D5C77 /* [CP] Copy Pods Resources */ = {
			isa = PBXShellScriptBuildPhase;
			buildActionMask = 2147483647;
			files = (
			);
			inputPaths = (
			);
			name = "[CP] Copy Pods Resources";
			outputPaths = (
			);
			runOnlyForDeploymentPostprocessing = 0;
			shellPath = /bin/sh;
			shellScript = "\"${SRCROOT}/Pods/Target Support Files/Pods-MedAppJam16/Pods-MedAppJam16-resources.sh\"\n";
			showEnvVarsInLog = 0;
		};
/* End PBXShellScriptBuildPhase section */

/* Begin PBXSourcesBuildPhase section */
		A03A0D441DD38DA90065A602 /* Sources */ = {
			isa = PBXSourcesBuildPhase;
			buildActionMask = 2147483647;
			files = (
				A0B4519C1DE0B8F400996787 /* DrugSideEffectsVC.swift in Sources */,
				A084E9591DD9468400E35720 /* DummyData.swift in Sources */,
				A01AC6781DD940B8007BD3C4 /* SympReferenceVC.swift in Sources */,
				A01D8C251DDA290000927523 /* MySymptomsVC.swift in Sources */,
				A03A0D6A1DD44E2D0065A602 /* LoginVC.swift in Sources */,
				A0B451A21DE1291000996787 /* MyOncologistVC.swift in Sources */,
				A03A0D6C1DD44EC70065A602 /* RoundedButton.swift in Sources */,
				A01638D61DDC142700A3DC99 /* Doctor.swift in Sources */,
				A08C2AAA1DD8EB0300547333 /* MenuTableViewCell.swift in Sources */,
				A01AC6761DD93328007BD3C4 /* MenuConstants.swift in Sources */,
				A081218F1DD99E51001409AE /* SymptomVC.swift in Sources */,
				A01638D91DDC154F00A3DC99 /* DataService.swift in Sources */,
				A01638D21DDC137300A3DC99 /* User.swift in Sources */,
				A0CEFB3A1DDE52DD0018D022 /* TreatmentVC.swift in Sources */,
				A084E95D1DD94AE300E35720 /* Symptom.swift in Sources */,
				A049E1611DDEDA7F0084CFF3 /* PossibleCausesVC.swift in Sources */,
				A01D8C271DDA2AB300927523 /* MySymptomTableViewCell.swift in Sources */,
				A084E9571DD9462800E35720 /* SymptomTableViewCell.swift in Sources */,
				A03A0D4C1DD38DA90065A602 /* AppDelegate.swift in Sources */,
				A0D3F7981DDD671F00B3385C /* TreatmentTableViewCell.swift in Sources */,
				A02F67711DE1769D005945E6 /* SettingsVC.swift in Sources */,
				A01638DF1DDC63BB00A3DC99 /* MyTreatmentsVC.swift in Sources */,
				A01638D41DDC13DD00A3DC99 /* Treatment.swift in Sources */,
				A03A0D4E1DD38DA90065A602 /* DashboardVC.swift in Sources */,
			);
			runOnlyForDeploymentPostprocessing = 0;
		};
/* End PBXSourcesBuildPhase section */

/* Begin PBXVariantGroup section */
		A03A0D511DD38DA90065A602 /* Main.storyboard */ = {
			isa = PBXVariantGroup;
			children = (
				A03A0D521DD38DA90065A602 /* Base */,
			);
			name = Main.storyboard;
			sourceTree = "<group>";
		};
		A03A0D561DD38DA90065A602 /* LaunchScreen.storyboard */ = {
			isa = PBXVariantGroup;
			children = (
				A03A0D571DD38DA90065A602 /* Base */,
			);
			name = LaunchScreen.storyboard;
			sourceTree = "<group>";
		};
/* End PBXVariantGroup section */

/* Begin XCBuildConfiguration section */
		A03A0D5A1DD38DA90065A602 /* Debug */ = {
			isa = XCBuildConfiguration;
			buildSettings = {
				ALWAYS_SEARCH_USER_PATHS = NO;
				CLANG_ANALYZER_NONNULL = YES;
				CLANG_CXX_LANGUAGE_STANDARD = "gnu++0x";
				CLANG_CXX_LIBRARY = "libc++";
				CLANG_ENABLE_MODULES = YES;
				CLANG_ENABLE_OBJC_ARC = YES;
				CLANG_WARN_BOOL_CONVERSION = YES;
				CLANG_WARN_CONSTANT_CONVERSION = YES;
				CLANG_WARN_DIRECT_OBJC_ISA_USAGE = YES_ERROR;
				CLANG_WARN_DOCUMENTATION_COMMENTS = YES;
				CLANG_WARN_EMPTY_BODY = YES;
				CLANG_WARN_ENUM_CONVERSION = YES;
				CLANG_WARN_INFINITE_RECURSION = YES;
				CLANG_WARN_INT_CONVERSION = YES;
				CLANG_WARN_OBJC_ROOT_CLASS = YES_ERROR;
				CLANG_WARN_SUSPICIOUS_MOVE = YES;
				CLANG_WARN_SUSPICIOUS_MOVES = YES;
				CLANG_WARN_UNREACHABLE_CODE = YES;
				CLANG_WARN__DUPLICATE_METHOD_MATCH = YES;
				"CODE_SIGN_IDENTITY[sdk=iphoneos*]" = "iPhone Developer";
				COPY_PHASE_STRIP = NO;
				DEBUG_INFORMATION_FORMAT = dwarf;
				ENABLE_STRICT_OBJC_MSGSEND = YES;
				ENABLE_TESTABILITY = YES;
				GCC_C_LANGUAGE_STANDARD = gnu99;
				GCC_DYNAMIC_NO_PIC = NO;
				GCC_NO_COMMON_BLOCKS = YES;
				GCC_OPTIMIZATION_LEVEL = 0;
				GCC_PREPROCESSOR_DEFINITIONS = (
					"DEBUG=1",
					"$(inherited)",
				);
				GCC_WARN_64_TO_32_BIT_CONVERSION = YES;
				GCC_WARN_ABOUT_RETURN_TYPE = YES_ERROR;
				GCC_WARN_UNDECLARED_SELECTOR = YES;
				GCC_WARN_UNINITIALIZED_AUTOS = YES_AGGRESSIVE;
				GCC_WARN_UNUSED_FUNCTION = YES;
				GCC_WARN_UNUSED_VARIABLE = YES;
				IPHONEOS_DEPLOYMENT_TARGET = 9.0;
				MTL_ENABLE_DEBUG_INFO = YES;
				ONLY_ACTIVE_ARCH = YES;
				SDKROOT = iphoneos;
				SWIFT_ACTIVE_COMPILATION_CONDITIONS = DEBUG;
				SWIFT_OPTIMIZATION_LEVEL = "-Onone";
				TARGETED_DEVICE_FAMILY = "1,2";
			};
			name = Debug;
		};
		A03A0D5B1DD38DA90065A602 /* Release */ = {
			isa = XCBuildConfiguration;
			buildSettings = {
				ALWAYS_SEARCH_USER_PATHS = NO;
				CLANG_ANALYZER_NONNULL = YES;
				CLANG_CXX_LANGUAGE_STANDARD = "gnu++0x";
				CLANG_CXX_LIBRARY = "libc++";
				CLANG_ENABLE_MODULES = YES;
				CLANG_ENABLE_OBJC_ARC = YES;
				CLANG_WARN_BOOL_CONVERSION = YES;
				CLANG_WARN_CONSTANT_CONVERSION = YES;
				CLANG_WARN_DIRECT_OBJC_ISA_USAGE = YES_ERROR;
				CLANG_WARN_DOCUMENTATION_COMMENTS = YES;
				CLANG_WARN_EMPTY_BODY = YES;
				CLANG_WARN_ENUM_CONVERSION = YES;
				CLANG_WARN_INFINITE_RECURSION = YES;
				CLANG_WARN_INT_CONVERSION = YES;
				CLANG_WARN_OBJC_ROOT_CLASS = YES_ERROR;
				CLANG_WARN_SUSPICIOUS_MOVE = YES;
				CLANG_WARN_SUSPICIOUS_MOVES = YES;
				CLANG_WARN_UNREACHABLE_CODE = YES;
				CLANG_WARN__DUPLICATE_METHOD_MATCH = YES;
				"CODE_SIGN_IDENTITY[sdk=iphoneos*]" = "iPhone Developer";
				COPY_PHASE_STRIP = NO;
				DEBUG_INFORMATION_FORMAT = "dwarf-with-dsym";
				ENABLE_NS_ASSERTIONS = NO;
				ENABLE_STRICT_OBJC_MSGSEND = YES;
				GCC_C_LANGUAGE_STANDARD = gnu99;
				GCC_NO_COMMON_BLOCKS = YES;
				GCC_WARN_64_TO_32_BIT_CONVERSION = YES;
				GCC_WARN_ABOUT_RETURN_TYPE = YES_ERROR;
				GCC_WARN_UNDECLARED_SELECTOR = YES;
				GCC_WARN_UNINITIALIZED_AUTOS = YES_AGGRESSIVE;
				GCC_WARN_UNUSED_FUNCTION = YES;
				GCC_WARN_UNUSED_VARIABLE = YES;
				IPHONEOS_DEPLOYMENT_TARGET = 9.0;
				MTL_ENABLE_DEBUG_INFO = NO;
				SDKROOT = iphoneos;
				SWIFT_OPTIMIZATION_LEVEL = "-Owholemodule";
				TARGETED_DEVICE_FAMILY = "1,2";
				VALIDATE_PRODUCT = YES;
			};
			name = Release;
		};
		A03A0D5D1DD38DA90065A602 /* Debug */ = {
			isa = XCBuildConfiguration;
			baseConfigurationReference = 96A48475544AAF897C2114C1 /* Pods-MedAppJam16.debug.xcconfig */;
			buildSettings = {
				ALWAYS_EMBED_SWIFT_STANDARD_LIBRARIES = YES;
				ASSETCATALOG_COMPILER_APPICON_NAME = AppIcon;
				DEVELOPMENT_TEAM = HFV6PE6T73;
				INFOPLIST_FILE = MedAppJam16/Info.plist;
				LD_RUNPATH_SEARCH_PATHS = "$(inherited) @executable_path/Frameworks";
				PRODUCT_BUNDLE_IDENTIFIER = com.adrpadua.MedAppJam16;
				PRODUCT_NAME = "$(TARGET_NAME)";
				SWIFT_VERSION = 3.0;
				TARGETED_DEVICE_FAMILY = 1;
			};
			name = Debug;
		};
		A03A0D5E1DD38DA90065A602 /* Release */ = {
			isa = XCBuildConfiguration;
			baseConfigurationReference = 98222B837AE97A0F7C16DBDE /* Pods-MedAppJam16.release.xcconfig */;
			buildSettings = {
				ALWAYS_EMBED_SWIFT_STANDARD_LIBRARIES = YES;
				ASSETCATALOG_COMPILER_APPICON_NAME = AppIcon;
				DEVELOPMENT_TEAM = HFV6PE6T73;
				INFOPLIST_FILE = MedAppJam16/Info.plist;
				LD_RUNPATH_SEARCH_PATHS = "$(inherited) @executable_path/Frameworks";
				PRODUCT_BUNDLE_IDENTIFIER = com.adrpadua.MedAppJam16;
				PRODUCT_NAME = "$(TARGET_NAME)";
				SWIFT_VERSION = 3.0;
				TARGETED_DEVICE_FAMILY = 1;
			};
			name = Release;
		};
/* End XCBuildConfiguration section */

/* Begin XCConfigurationList section */
		A03A0D431DD38DA90065A602 /* Build configuration list for PBXProject "MedAppJam16" */ = {
			isa = XCConfigurationList;
			buildConfigurations = (
				A03A0D5A1DD38DA90065A602 /* Debug */,
				A03A0D5B1DD38DA90065A602 /* Release */,
			);
			defaultConfigurationIsVisible = 0;
			defaultConfigurationName = Release;
		};
		A03A0D5C1DD38DA90065A602 /* Build configuration list for PBXNativeTarget "MedAppJam16" */ = {
			isa = XCConfigurationList;
			buildConfigurations = (
				A03A0D5D1DD38DA90065A602 /* Debug */,
				A03A0D5E1DD38DA90065A602 /* Release */,
			);
			defaultConfigurationIsVisible = 0;
			defaultConfigurationName = Release;
		};
/* End XCConfigurationList section */
	};
	rootObject = A03A0D401DD38DA90065A602 /* Project object */;
}
